// !$*UTF8*$!
{
	archiveVersion = 1;
	classes = {
	};
	objectVersion = 46;
	objects = {

/* Begin PBXBuildFile section */
		AB89A24E1C64597000B9F46A /* main.m in Sources */ = {isa = PBXBuildFile; fileRef = AB89A24D1C64597000B9F46A /* main.m */; };
		AB89A2511C64597000B9F46A /* AppDelegate.m in Sources */ = {isa = PBXBuildFile; fileRef = AB89A2501C64597000B9F46A /* AppDelegate.m */; };
		AB89A2541C64597000B9F46A /* ViewController.m in Sources */ = {isa = PBXBuildFile; fileRef = AB89A2531C64597000B9F46A /* ViewController.m */; };
		AB89A2571C64597000B9F46A /* Main.storyboard in Resources */ = {isa = PBXBuildFile; fileRef = AB89A2551C64597000B9F46A /* Main.storyboard */; };
		AB89A25A1C64597000B9F46A /* roughMidterm.xcdatamodeld in Sources */ = {isa = PBXBuildFile; fileRef = AB89A2581C64597000B9F46A /* roughMidterm.xcdatamodeld */; };
		AB89A25C1C64597000B9F46A /* Assets.xcassets in Resources */ = {isa = PBXBuildFile; fileRef = AB89A25B1C64597000B9F46A /* Assets.xcassets */; };
		AB89A25F1C64597000B9F46A /* LaunchScreen.storyboard in Resources */ = {isa = PBXBuildFile; fileRef = AB89A25D1C64597000B9F46A /* LaunchScreen.storyboard */; };
		AB89A26A1C64597000B9F46A /* roughMidtermTests.m in Sources */ = {isa = PBXBuildFile; fileRef = AB89A2691C64597000B9F46A /* roughMidtermTests.m */; };
		AB89A2751C64597000B9F46A /* roughMidtermUITests.m in Sources */ = {isa = PBXBuildFile; fileRef = AB89A2741C64597000B9F46A /* roughMidtermUITests.m */; };
		ABF88EE81C654DD20067C773 /* FrenchInfo in Resources */ = {isa = PBXBuildFile; fileRef = ABF88EE71C654DD20067C773 /* FrenchInfo */; };
		ABFA44B61C6823A10053F585 /* extra data in Resources */ = {isa = PBXBuildFile; fileRef = ABFA44B51C6823A10053F585 /* extra data */; };
		ABFA44B81C6824BC0053F585 /* TestJSON.json in Resources */ = {isa = PBXBuildFile; fileRef = ABFA44B71C6824BC0053F585 /* TestJSON.json */; };
		ABFA44CA1C69424D0053F585 /* Question.m in Sources */ = {isa = PBXBuildFile; fileRef = ABFA44C91C69424D0053F585 /* Question.m */; };
		ABFA44CD1C6A4E7C0053F585 /* LessonTableViewController.m in Sources */ = {isa = PBXBuildFile; fileRef = ABFA44CC1C6A4E7C0053F585 /* LessonTableViewController.m */; };
		ABFA44D01C6A4EAC0053F585 /* LessonTableViewCell.m in Sources */ = {isa = PBXBuildFile; fileRef = ABFA44CF1C6A4EAC0053F585 /* LessonTableViewCell.m */; };
		ABFA44D31C6A53EF0053F585 /* JSONParse.m in Sources */ = {isa = PBXBuildFile; fileRef = ABFA44D21C6A53EF0053F585 /* JSONParse.m */; };
		ABFA44D61C6A64A10053F585 /* Lesson.m in Sources */ = {isa = PBXBuildFile; fileRef = ABFA44D51C6A64A10053F585 /* Lesson.m */; };
/* End PBXBuildFile section */

/* Begin PBXContainerItemProxy section */
		AB89A2661C64597000B9F46A /* PBXContainerItemProxy */ = {
			isa = PBXContainerItemProxy;
			containerPortal = AB89A2411C64597000B9F46A /* Project object */;
			proxyType = 1;
			remoteGlobalIDString = AB89A2481C64597000B9F46A;
			remoteInfo = roughMidterm;
		};
		AB89A2711C64597000B9F46A /* PBXContainerItemProxy */ = {
			isa = PBXContainerItemProxy;
			containerPortal = AB89A2411C64597000B9F46A /* Project object */;
			proxyType = 1;
			remoteGlobalIDString = AB89A2481C64597000B9F46A;
			remoteInfo = roughMidterm;
		};
/* End PBXContainerItemProxy section */

/* Begin PBXFileReference section */
		AB89A2491C64597000B9F46A /* roughMidterm.app */ = {isa = PBXFileReference; explicitFileType = wrapper.application; includeInIndex = 0; path = roughMidterm.app; sourceTree = BUILT_PRODUCTS_DIR; };
		AB89A24D1C64597000B9F46A /* main.m */ = {isa = PBXFileReference; lastKnownFileType = sourcecode.c.objc; path = main.m; sourceTree = "<group>"; };
		AB89A24F1C64597000B9F46A /* AppDelegate.h */ = {isa = PBXFileReference; lastKnownFileType = sourcecode.c.h; path = AppDelegate.h; sourceTree = "<group>"; };
		AB89A2501C64597000B9F46A /* AppDelegate.m */ = {isa = PBXFileReference; lastKnownFileType = sourcecode.c.objc; path = AppDelegate.m; sourceTree = "<group>"; };
		AB89A2521C64597000B9F46A /* ViewController.h */ = {isa = PBXFileReference; lastKnownFileType = sourcecode.c.h; path = ViewController.h; sourceTree = "<group>"; };
		AB89A2531C64597000B9F46A /* ViewController.m */ = {isa = PBXFileReference; lastKnownFileType = sourcecode.c.objc; path = ViewController.m; sourceTree = "<group>"; };
		AB89A2561C64597000B9F46A /* Base */ = {isa = PBXFileReference; lastKnownFileType = file.storyboard; name = Base; path = Base.lproj/Main.storyboard; sourceTree = "<group>"; };
		AB89A2591C64597000B9F46A /* roughMidterm.xcdatamodel */ = {isa = PBXFileReference; lastKnownFileType = wrapper.xcdatamodel; path = roughMidterm.xcdatamodel; sourceTree = "<group>"; };
		AB89A25B1C64597000B9F46A /* Assets.xcassets */ = {isa = PBXFileReference; lastKnownFileType = folder.assetcatalog; path = Assets.xcassets; sourceTree = "<group>"; };
		AB89A25E1C64597000B9F46A /* Base */ = {isa = PBXFileReference; lastKnownFileType = file.storyboard; name = Base; path = Base.lproj/LaunchScreen.storyboard; sourceTree = "<group>"; };
		AB89A2601C64597000B9F46A /* Info.plist */ = {isa = PBXFileReference; lastKnownFileType = text.plist.xml; path = Info.plist; sourceTree = "<group>"; };
		AB89A2651C64597000B9F46A /* roughMidtermTests.xctest */ = {isa = PBXFileReference; explicitFileType = wrapper.cfbundle; includeInIndex = 0; path = roughMidtermTests.xctest; sourceTree = BUILT_PRODUCTS_DIR; };
		AB89A2691C64597000B9F46A /* roughMidtermTests.m */ = {isa = PBXFileReference; lastKnownFileType = sourcecode.c.objc; path = roughMidtermTests.m; sourceTree = "<group>"; };
		AB89A26B1C64597000B9F46A /* Info.plist */ = {isa = PBXFileReference; lastKnownFileType = text.plist.xml; path = Info.plist; sourceTree = "<group>"; };
		AB89A2701C64597000B9F46A /* roughMidtermUITests.xctest */ = {isa = PBXFileReference; explicitFileType = wrapper.cfbundle; includeInIndex = 0; path = roughMidtermUITests.xctest; sourceTree = BUILT_PRODUCTS_DIR; };
		AB89A2741C64597000B9F46A /* roughMidtermUITests.m */ = {isa = PBXFileReference; lastKnownFileType = sourcecode.c.objc; path = roughMidtermUITests.m; sourceTree = "<group>"; };
		AB89A2761C64597000B9F46A /* Info.plist */ = {isa = PBXFileReference; lastKnownFileType = text.plist.xml; path = Info.plist; sourceTree = "<group>"; };
		ABF88EE71C654DD20067C773 /* FrenchInfo */ = {isa = PBXFileReference; fileEncoding = 4; lastKnownFileType = text; path = FrenchInfo; sourceTree = "<group>"; };
		ABFA44B51C6823A10053F585 /* extra data */ = {isa = PBXFileReference; fileEncoding = 4; lastKnownFileType = text; path = "extra data"; sourceTree = "<group>"; };
		ABFA44B71C6824BC0053F585 /* TestJSON.json */ = {isa = PBXFileReference; fileEncoding = 4; lastKnownFileType = text.json; path = TestJSON.json; sourceTree = "<group>"; };
		ABFA44C81C69424D0053F585 /* Question.h */ = {isa = PBXFileReference; fileEncoding = 4; lastKnownFileType = sourcecode.c.h; path = Question.h; sourceTree = "<group>"; };
		ABFA44C91C69424D0053F585 /* Question.m */ = {isa = PBXFileReference; fileEncoding = 4; lastKnownFileType = sourcecode.c.objc; path = Question.m; sourceTree = "<group>"; };
		ABFA44CB1C6A4E7C0053F585 /* LessonTableViewController.h */ = {isa = PBXFileReference; fileEncoding = 4; lastKnownFileType = sourcecode.c.h; path = LessonTableViewController.h; sourceTree = "<group>"; };
		ABFA44CC1C6A4E7C0053F585 /* LessonTableViewController.m */ = {isa = PBXFileReference; fileEncoding = 4; lastKnownFileType = sourcecode.c.objc; path = LessonTableViewController.m; sourceTree = "<group>"; };
		ABFA44CE1C6A4EAC0053F585 /* LessonTableViewCell.h */ = {isa = PBXFileReference; fileEncoding = 4; lastKnownFileType = sourcecode.c.h; path = LessonTableViewCell.h; sourceTree = "<group>"; };
		ABFA44CF1C6A4EAC0053F585 /* LessonTableViewCell.m */ = {isa = PBXFileReference; fileEncoding = 4; lastKnownFileType = sourcecode.c.objc; path = LessonTableViewCell.m; sourceTree = "<group>"; };
		ABFA44D11C6A53EF0053F585 /* JSONParse.h */ = {isa = PBXFileReference; fileEncoding = 4; lastKnownFileType = sourcecode.c.h; path = JSONParse.h; sourceTree = "<group>"; };
		ABFA44D21C6A53EF0053F585 /* JSONParse.m */ = {isa = PBXFileReference; fileEncoding = 4; lastKnownFileType = sourcecode.c.objc; path = JSONParse.m; sourceTree = "<group>"; };
		ABFA44D41C6A64A00053F585 /* Lesson.h */ = {isa = PBXFileReference; fileEncoding = 4; lastKnownFileType = sourcecode.c.h; path = Lesson.h; sourceTree = "<group>"; };
		ABFA44D51C6A64A10053F585 /* Lesson.m */ = {isa = PBXFileReference; fileEncoding = 4; lastKnownFileType = sourcecode.c.objc; path = Lesson.m; sourceTree = "<group>"; };
/* End PBXFileReference section */

/* Begin PBXFrameworksBuildPhase section */
		AB89A2461C64597000B9F46A /* Frameworks */ = {
			isa = PBXFrameworksBuildPhase;
			buildActionMask = 2147483647;
			files = (
			);
			runOnlyForDeploymentPostprocessing = 0;
		};
		AB89A2621C64597000B9F46A /* Frameworks */ = {
			isa = PBXFrameworksBuildPhase;
			buildActionMask = 2147483647;
			files = (
			);
			runOnlyForDeploymentPostprocessing = 0;
		};
		AB89A26D1C64597000B9F46A /* Frameworks */ = {
			isa = PBXFrameworksBuildPhase;
			buildActionMask = 2147483647;
			files = (
			);
			runOnlyForDeploymentPostprocessing = 0;
		};
/* End PBXFrameworksBuildPhase section */

/* Begin PBXGroup section */
		AB89A2401C64597000B9F46A = {
			isa = PBXGroup;
			children = (
				AB89A24B1C64597000B9F46A /* roughMidterm */,
				AB89A2681C64597000B9F46A /* roughMidtermTests */,
				AB89A2731C64597000B9F46A /* roughMidtermUITests */,
				AB89A24A1C64597000B9F46A /* Products */,
			);
			sourceTree = "<group>";
		};
		AB89A24A1C64597000B9F46A /* Products */ = {
			isa = PBXGroup;
			children = (
				AB89A2491C64597000B9F46A /* roughMidterm.app */,
				AB89A2651C64597000B9F46A /* roughMidtermTests.xctest */,
				AB89A2701C64597000B9F46A /* roughMidtermUITests.xctest */,
			);
			name = Products;
			sourceTree = "<group>";
		};
		AB89A24B1C64597000B9F46A /* roughMidterm */ = {
			isa = PBXGroup;
			children = (
				AB89A24F1C64597000B9F46A /* AppDelegate.h */,
				AB89A2501C64597000B9F46A /* AppDelegate.m */,
				AB89A2531C64597000B9F46A /* ViewController.m */,
				ABFA44C81C69424D0053F585 /* Question.h */,
				ABFA44C91C69424D0053F585 /* Question.m */,
				AB89A2521C64597000B9F46A /* ViewController.h */,
				ABFA44B71C6824BC0053F585 /* TestJSON.json */,
				AB89A2551C64597000B9F46A /* Main.storyboard */,
				ABFA44D11C6A53EF0053F585 /* JSONParse.h */,
				ABFA44D21C6A53EF0053F585 /* JSONParse.m */,
				ABFA44CE1C6A4EAC0053F585 /* LessonTableViewCell.h */,
				ABFA44CF1C6A4EAC0053F585 /* LessonTableViewCell.m */,
				ABFA44CB1C6A4E7C0053F585 /* LessonTableViewController.h */,
				ABFA44CC1C6A4E7C0053F585 /* LessonTableViewController.m */,
				ABFA44D41C6A64A00053F585 /* Lesson.h */,
				ABFA44D51C6A64A10053F585 /* Lesson.m */,
				AB89A25B1C64597000B9F46A /* Assets.xcassets */,
				AB89A25D1C64597000B9F46A /* LaunchScreen.storyboard */,
				AB89A2601C64597000B9F46A /* Info.plist */,
				AB89A2581C64597000B9F46A /* roughMidterm.xcdatamodeld */,
				AB89A24C1C64597000B9F46A /* Supporting Files */,
			);
			path = roughMidterm;
			sourceTree = "<group>";
		};
		AB89A24C1C64597000B9F46A /* Supporting Files */ = {
			isa = PBXGroup;
			children = (
				ABF88EE71C654DD20067C773 /* FrenchInfo */,
				ABFA44B51C6823A10053F585 /* extra data */,
				AB89A24D1C64597000B9F46A /* main.m */,
			);
			name = "Supporting Files";
			sourceTree = "<group>";
		};
		AB89A2681C64597000B9F46A /* roughMidtermTests */ = {
			isa = PBXGroup;
			children = (
				AB89A2691C64597000B9F46A /* roughMidtermTests.m */,
				AB89A26B1C64597000B9F46A /* Info.plist */,
			);
			path = roughMidtermTests;
			sourceTree = "<group>";
		};
		AB89A2731C64597000B9F46A /* roughMidtermUITests */ = {
			isa = PBXGroup;
			children = (
				AB89A2741C64597000B9F46A /* roughMidtermUITests.m */,
				AB89A2761C64597000B9F46A /* Info.plist */,
			);
			path = roughMidtermUITests;
			sourceTree = "<group>";
		};
/* End PBXGroup section */

/* Begin PBXNativeTarget section */
		AB89A2481C64597000B9F46A /* roughMidterm */ = {
			isa = PBXNativeTarget;
			buildConfigurationList = AB89A2791C64597000B9F46A /* Build configuration list for PBXNativeTarget "roughMidterm" */;
			buildPhases = (
				AB89A2451C64597000B9F46A /* Sources */,
				AB89A2461C64597000B9F46A /* Frameworks */,
				AB89A2471C64597000B9F46A /* Resources */,
			);
			buildRules = (
			);
			dependencies = (
			);
			name = roughMidterm;
			productName = roughMidterm;
			productReference = AB89A2491C64597000B9F46A /* roughMidterm.app */;
			productType = "com.apple.product-type.application";
		};
		AB89A2641C64597000B9F46A /* roughMidtermTests */ = {
			isa = PBXNativeTarget;
			buildConfigurationList = AB89A27C1C64597000B9F46A /* Build configuration list for PBXNativeTarget "roughMidtermTests" */;
			buildPhases = (
				AB89A2611C64597000B9F46A /* Sources */,
				AB89A2621C64597000B9F46A /* Frameworks */,
				AB89A2631C64597000B9F46A /* Resources */,
			);
			buildRules = (
			);
			dependencies = (
				AB89A2671C64597000B9F46A /* PBXTargetDependency */,
			);
			name = roughMidtermTests;
			productName = roughMidtermTests;
			productReference = AB89A2651C64597000B9F46A /* roughMidtermTests.xctest */;
			productType = "com.apple.product-type.bundle.unit-test";
		};
		AB89A26F1C64597000B9F46A /* roughMidtermUITests */ = {
			isa = PBXNativeTarget;
			buildConfigurationList = AB89A27F1C64597000B9F46A /* Build configuration list for PBXNativeTarget "roughMidtermUITests" */;
			buildPhases = (
				AB89A26C1C64597000B9F46A /* Sources */,
				AB89A26D1C64597000B9F46A /* Frameworks */,
				AB89A26E1C64597000B9F46A /* Resources */,
			);
			buildRules = (
			);
			dependencies = (
				AB89A2721C64597000B9F46A /* PBXTargetDependency */,
			);
			name = roughMidtermUITests;
			productName = roughMidtermUITests;
			productReference = AB89A2701C64597000B9F46A /* roughMidtermUITests.xctest */;
			productType = "com.apple.product-type.bundle.ui-testing";
		};
/* End PBXNativeTarget section */

/* Begin PBXProject section */
		AB89A2411C64597000B9F46A /* Project object */ = {
			isa = PBXProject;
			attributes = {
				LastUpgradeCheck = 0720;
				ORGANIZATIONNAME = "Kerry Toonen";
				TargetAttributes = {
					AB89A2481C64597000B9F46A = {
						CreatedOnToolsVersion = 7.2;
						DevelopmentTeam = 9QSWA6BJVQ;
					};
					AB89A2641C64597000B9F46A = {
						CreatedOnToolsVersion = 7.2;
						DevelopmentTeam = 9QSWA6BJVQ;
						TestTargetID = AB89A2481C64597000B9F46A;
					};
					AB89A26F1C64597000B9F46A = {
						CreatedOnToolsVersion = 7.2;
						DevelopmentTeam = 9QSWA6BJVQ;
						TestTargetID = AB89A2481C64597000B9F46A;
					};
				};
			};
			buildConfigurationList = AB89A2441C64597000B9F46A /* Build configuration list for PBXProject "roughMidterm" */;
			compatibilityVersion = "Xcode 3.2";
			developmentRegion = English;
			hasScannedForEncodings = 0;
			knownRegions = (
				en,
				Base,
			);
			mainGroup = AB89A2401C64597000B9F46A;
			productRefGroup = AB89A24A1C64597000B9F46A /* Products */;
			projectDirPath = "";
			projectRoot = "";
			targets = (
				AB89A2481C64597000B9F46A /* roughMidterm */,
				AB89A2641C64597000B9F46A /* roughMidtermTests */,
				AB89A26F1C64597000B9F46A /* roughMidtermUITests */,
			);
		};
/* End PBXProject section */

/* Begin PBXResourcesBuildPhase section */
		AB89A2471C64597000B9F46A /* Resources */ = {
			isa = PBXResourcesBuildPhase;
			buildActionMask = 2147483647;
			files = (
				ABFA44B81C6824BC0053F585 /* TestJSON.json in Resources */,
				ABF88EE81C654DD20067C773 /* FrenchInfo in Resources */,
				ABFA44B61C6823A10053F585 /* extra data in Resources */,
				AB89A25F1C64597000B9F46A /* LaunchScreen.storyboard in Resources */,
				AB89A25C1C64597000B9F46A /* Assets.xcassets in Resources */,
				AB89A2571C64597000B9F46A /* Main.storyboard in Resources */,
			);
			runOnlyForDeploymentPostprocessing = 0;
		};
		AB89A2631C64597000B9F46A /* Resources */ = {
			isa = PBXResourcesBuildPhase;
			buildActionMask = 2147483647;
			files = (
			);
			runOnlyForDeploymentPostprocessing = 0;
		};
		AB89A26E1C64597000B9F46A /* Resources */ = {
			isa = PBXResourcesBuildPhase;
			buildActionMask = 2147483647;
			files = (
			);
			runOnlyForDeploymentPostprocessing = 0;
		};
/* End PBXResourcesBuildPhase section */

/* Begin PBXSourcesBuildPhase section */
		AB89A2451C64597000B9F46A /* Sources */ = {
			isa = PBXSourcesBuildPhase;
			buildActionMask = 2147483647;
			files = (
				AB89A25A1C64597000B9F46A /* roughMidterm.xcdatamodeld in Sources */,
				AB89A2541C64597000B9F46A /* ViewController.m in Sources */,
				ABFA44D31C6A53EF0053F585 /* JSONParse.m in Sources */,
				AB89A2511C64597000B9F46A /* AppDelegate.m in Sources */,
				ABFA44CA1C69424D0053F585 /* Question.m in Sources */,
				ABFA44CD1C6A4E7C0053F585 /* LessonTableViewController.m in Sources */,
				ABFA44D61C6A64A10053F585 /* Lesson.m in Sources */,
				AB89A24E1C64597000B9F46A /* main.m in Sources */,
				ABFA44D01C6A4EAC0053F585 /* LessonTableViewCell.m in Sources */,
			);
			runOnlyForDeploymentPostprocessing = 0;
		};
		AB89A2611C64597000B9F46A /* Sources */ = {
			isa = PBXSourcesBuildPhase;
			buildActionMask = 2147483647;
			files = (
				AB89A26A1C64597000B9F46A /* roughMidtermTests.m in Sources */,
			);
			runOnlyForDeploymentPostprocessing = 0;
		};
		AB89A26C1C64597000B9F46A /* Sources */ = {
			isa = PBXSourcesBuildPhase;
			buildActionMask = 2147483647;
			files = (
				AB89A2751C64597000B9F46A /* roughMidtermUITests.m in Sources */,
			);
			runOnlyForDeploymentPostprocessing = 0;
		};
/* End PBXSourcesBuildPhase section */

/* Begin PBXTargetDependency section */
		AB89A2671C64597000B9F46A /* PBXTargetDependency */ = {
			isa = PBXTargetDependency;
			target = AB89A2481C64597000B9F46A /* roughMidterm */;
			targetProxy = AB89A2661C64597000B9F46A /* PBXContainerItemProxy */;
		};
		AB89A2721C64597000B9F46A /* PBXTargetDependency */ = {
			isa = PBXTargetDependency;
			target = AB89A2481C64597000B9F46A /* roughMidterm */;
			targetProxy = AB89A2711C64597000B9F46A /* PBXContainerItemProxy */;
		};
/* End PBXTargetDependency section */

/* Begin PBXVariantGroup section */
		AB89A2551C64597000B9F46A /* Main.storyboard */ = {
			isa = PBXVariantGroup;
			children = (
				AB89A2561C64597000B9F46A /* Base */,
			);
			name = Main.storyboard;
			sourceTree = "<group>";
		};
		AB89A25D1C64597000B9F46A /* LaunchScreen.storyboard */ = {
			isa = PBXVariantGroup;
			children = (
				AB89A25E1C64597000B9F46A /* Base */,
			);
			name = LaunchScreen.storyboard;
			sourceTree = "<group>";
		};
/* End PBXVariantGroup section */

/* Begin XCBuildConfiguration section */
		AB89A2771C64597000B9F46A /* Debug */ = {
			isa = XCBuildConfiguration;
			buildSettings = {
				ALWAYS_SEARCH_USER_PATHS = NO;
				CLANG_CXX_LANGUAGE_STANDARD = "gnu++0x";
				CLANG_CXX_LIBRARY = "libc++";
				CLANG_ENABLE_MODULES = YES;
				CLANG_ENABLE_OBJC_ARC = YES;
				CLANG_WARN_BOOL_CONVERSION = YES;
				CLANG_WARN_CONSTANT_CONVERSION = YES;
				CLANG_WARN_DIRECT_OBJC_ISA_USAGE = YES_ERROR;
				CLANG_WARN_EMPTY_BODY = YES;
				CLANG_WARN_ENUM_CONVERSION = YES;
				CLANG_WARN_INT_CONVERSION = YES;
				CLANG_WARN_OBJC_ROOT_CLASS = YES_ERROR;
				CLANG_WARN_UNREACHABLE_CODE = YES;
				CLANG_WARN__DUPLICATE_METHOD_MATCH = YES;
				"CODE_SIGN_IDENTITY[sdk=iphoneos*]" = "iPhone Developer";
				COPY_PHASE_STRIP = NO;
				DEBUG_INFORMATION_FORMAT = dwarf;
				ENABLE_STRICT_OBJC_MSGSEND = YES;
				ENABLE_TESTABILITY = YES;
				GCC_C_LANGUAGE_STANDARD = gnu99;
				GCC_DYNAMIC_NO_PIC = NO;
				GCC_NO_COMMON_BLOCKS = YES;
				GCC_OPTIMIZATION_LEVEL = 0;
				GCC_PREPROCESSOR_DEFINITIONS = (
					"DEBUG=1",
					"$(inherited)",
				);
				GCC_WARN_64_TO_32_BIT_CONVERSION = YES;
				GCC_WARN_ABOUT_RETURN_TYPE = YES_ERROR;
				GCC_WARN_UNDECLARED_SELECTOR = YES;
				GCC_WARN_UNINITIALIZED_AUTOS = YES_AGGRESSIVE;
				GCC_WARN_UNUSED_FUNCTION = YES;
				GCC_WARN_UNUSED_VARIABLE = YES;
				IPHONEOS_DEPLOYMENT_TARGET = 9.2;
				MTL_ENABLE_DEBUG_INFO = YES;
				ONLY_ACTIVE_ARCH = YES;
				SDKROOT = iphoneos;
			};
			name = Debug;
		};
		AB89A2781C64597000B9F46A /* Release */ = {
			isa = XCBuildConfiguration;
			buildSettings = {
				ALWAYS_SEARCH_USER_PATHS = NO;
				CLANG_CXX_LANGUAGE_STANDARD = "gnu++0x";
				CLANG_CXX_LIBRARY = "libc++";
				CLANG_ENABLE_MODULES = YES;
				CLANG_ENABLE_OBJC_ARC = YES;
				CLANG_WARN_BOOL_CONVERSION = YES;
				CLANG_WARN_CONSTANT_CONVERSION = YES;
				CLANG_WARN_DIRECT_OBJC_ISA_USAGE = YES_ERROR;
				CLANG_WARN_EMPTY_BODY = YES;
				CLANG_WARN_ENUM_CONVERSION = YES;
				CLANG_WARN_INT_CONVERSION = YES;
				CLANG_WARN_OBJC_ROOT_CLASS = YES_ERROR;
				CLANG_WARN_UNREACHABLE_CODE = YES;
				CLANG_WARN__DUPLICATE_METHOD_MATCH = YES;
				"CODE_SIGN_IDENTITY[sdk=iphoneos*]" = "iPhone Developer";
				COPY_PHASE_STRIP = NO;
				DEBUG_INFORMATION_FORMAT = "dwarf-with-dsym";
				ENABLE_NS_ASSERTIONS = NO;
				ENABLE_STRICT_OBJC_MSGSEND = YES;
				GCC_C_LANGUAGE_STANDARD = gnu99;
				GCC_NO_COMMON_BLOCKS = YES;
				GCC_WARN_64_TO_32_BIT_CONVERSION = YES;
				GCC_WARN_ABOUT_RETURN_TYPE = YES_ERROR;
				GCC_WARN_UNDECLARED_SELECTOR = YES;
				GCC_WARN_UNINITIALIZED_AUTOS = YES_AGGRESSIVE;
				GCC_WARN_UNUSED_FUNCTION = YES;
				GCC_WARN_UNUSED_VARIABLE = YES;
				IPHONEOS_DEPLOYMENT_TARGET = 9.2;
				MTL_ENABLE_DEBUG_INFO = NO;
				SDKROOT = iphoneos;
				VALIDATE_PRODUCT = YES;
			};
			name = Release;
		};
		AB89A27A1C64597000B9F46A /* Debug */ = {
			isa = XCBuildConfiguration;
			buildSettings = {
				ASSETCATALOG_COMPILER_APPICON_NAME = AppIcon;
				INFOPLIST_FILE = roughMidterm/Info.plist;
				LD_RUNPATH_SEARCH_PATHS = "$(inherited) @executable_path/Frameworks";
				PRODUCT_BUNDLE_IDENTIFIER = kerrytoonen.roughMidterm;
				PRODUCT_NAME = "$(TARGET_NAME)";
			};
			name = Debug;
		};
		AB89A27B1C64597000B9F46A /* Release */ = {
			isa = XCBuildConfiguration;
			buildSettings = {
				ASSETCATALOG_COMPILER_APPICON_NAME = AppIcon;
				INFOPLIST_FILE = roughMidterm/Info.plist;
				LD_RUNPATH_SEARCH_PATHS = "$(inherited) @executable_path/Frameworks";
				PRODUCT_BUNDLE_IDENTIFIER = kerrytoonen.roughMidterm;
				PRODUCT_NAME = "$(TARGET_NAME)";
			};
			name = Release;
		};
		AB89A27D1C64597000B9F46A /* Debug */ = {
			isa = XCBuildConfiguration;
			buildSettings = {
				BUNDLE_LOADER = "$(TEST_HOST)";
				INFOPLIST_FILE = roughMidtermTests/Info.plist;
				LD_RUNPATH_SEARCH_PATHS = "$(inherited) @executable_path/Frameworks @loader_path/Frameworks";
				PRODUCT_BUNDLE_IDENTIFIER = kerrytoonen.roughMidtermTests;
				PRODUCT_NAME = "$(TARGET_NAME)";
				TEST_HOST = "$(BUILT_PRODUCTS_DIR)/roughMidterm.app/roughMidterm";
			};
			name = Debug;
		};
		AB89A27E1C64597000B9F46A /* Release */ = {
			isa = XCBuildConfiguration;
			buildSettings = {
				BUNDLE_LOADER = "$(TEST_HOST)";
				INFOPLIST_FILE = roughMidtermTests/Info.plist;
				LD_RUNPATH_SEARCH_PATHS = "$(inherited) @executable_path/Frameworks @loader_path/Frameworks";
				PRODUCT_BUNDLE_IDENTIFIER = kerrytoonen.roughMidtermTests;
				PRODUCT_NAME = "$(TARGET_NAME)";
				TEST_HOST = "$(BUILT_PRODUCTS_DIR)/roughMidterm.app/roughMidterm";
			};
			name = Release;
		};
		AB89A2801C64597000B9F46A /* Debug */ = {
			isa = XCBuildConfiguration;
			buildSettings = {
				INFOPLIST_FILE = roughMidtermUITests/Info.plist;
				LD_RUNPATH_SEARCH_PATHS = "$(inherited) @executable_path/Frameworks @loader_path/Frameworks";
				PRODUCT_BUNDLE_IDENTIFIER = kerrytoonen.roughMidtermUITests;
				PRODUCT_NAME = "$(TARGET_NAME)";
				TEST_TARGET_NAME = roughMidterm;
				USES_XCTRUNNER = YES;
			};
			name = Debug;
		};
		AB89A2811C64597000B9F46A /* Release */ = {
			isa = XCBuildConfiguration;
			buildSettings = {
				INFOPLIST_FILE = roughMidtermUITests/Info.plist;
				LD_RUNPATH_SEARCH_PATHS = "$(inherited) @executable_path/Frameworks @loader_path/Frameworks";
				PRODUCT_BUNDLE_IDENTIFIER = kerrytoonen.roughMidtermUITests;
				PRODUCT_NAME = "$(TARGET_NAME)";
				TEST_TARGET_NAME = roughMidterm;
				USES_XCTRUNNER = YES;
			};
			name = Release;
		};
/* End XCBuildConfiguration section */

/* Begin XCConfigurationList section */
		AB89A2441C64597000B9F46A /* Build configuration list for PBXProject "roughMidterm" */ = {
			isa = XCConfigurationList;
			buildConfigurations = (
				AB89A2771C64597000B9F46A /* Debug */,
				AB89A2781C64597000B9F46A /* Release */,
			);
			defaultConfigurationIsVisible = 0;
			defaultConfigurationName = Release;
		};
		AB89A2791C64597000B9F46A /* Build configuration list for PBXNativeTarget "roughMidterm" */ = {
			isa = XCConfigurationList;
			buildConfigurations = (
				AB89A27A1C64597000B9F46A /* Debug */,
				AB89A27B1C64597000B9F46A /* Release */,
			);
			defaultConfigurationIsVisible = 0;
			defaultConfigurationName = Release;
		};
		AB89A27C1C64597000B9F46A /* Build configuration list for PBXNativeTarget "roughMidtermTests" */ = {
			isa = XCConfigurationList;
			buildConfigurations = (
				AB89A27D1C64597000B9F46A /* Debug */,
				AB89A27E1C64597000B9F46A /* Release */,
			);
			defaultConfigurationIsVisible = 0;
			defaultConfigurationName = Release;
		};
		AB89A27F1C64597000B9F46A /* Build configuration list for PBXNativeTarget "roughMidtermUITests" */ = {
			isa = XCConfigurationList;
			buildConfigurations = (
				AB89A2801C64597000B9F46A /* Debug */,
				AB89A2811C64597000B9F46A /* Release */,
			);
			defaultConfigurationIsVisible = 0;
			defaultConfigurationName = Release;
		};
/* End XCConfigurationList section */

/* Begin XCVersionGroup section */
		AB89A2581C64597000B9F46A /* roughMidterm.xcdatamodeld */ = {
			isa = XCVersionGroup;
			children = (
				AB89A2591C64597000B9F46A /* roughMidterm.xcdatamodel */,
			);
			currentVersion = AB89A2591C64597000B9F46A /* roughMidterm.xcdatamodel */;
			path = roughMidterm.xcdatamodeld;
			sourceTree = "<group>";
			versionGroupType = wrapper.xcdatamodel;
		};
/* End XCVersionGroup section */
	};
	rootObject = AB89A2411C64597000B9F46A /* Project object */;
}
